
Microsoft Visual Studio Solution File, Format Version 12.00
# Visual Studio Version 16
VisualStudioVersion = 16.0.31911.196
MinimumVisualStudioVersion = 10.0.40219.1
Project("{8BC9CEB8-8B4A-11D0-8D11-00A0C91BC942}") = "FA2022_LAB3PART2_Abdulla", "FA2022_LAB3PART2_Abdulla\FA2022_LAB3PART2_Abdulla.vcxproj", "{D0CB7E74-EA1A-4CA0-8DD8-1987A528C41A}"
EndProject
Project("{8BC9CEB8-8B4A-11D0-8D11-00A0C91BC942}") = "FA2022_LAB3PART1_Abdulla_test", "FA2022_LAB3PART1_Abdulla_test\FA2022_LAB3PART1_Abdulla_test.vcxproj", "{53C6DFDF-8254-47E2-AA94-8EF1B07A4A45}"
EndProject
Global
	GlobalSection(SolutionConfigurationPlatforms) = preSolution
		Debug|x64 = Debug|x64
		Debug|x86 = Debug|x86
		Release|x64 = Release|x64
		Release|x86 = Release|x86
	EndGlobalSection
	GlobalSection(ProjectConfigurationPlatforms) = postSolution
		{D0CB7E74-EA1A-4CA0-8DD8-1987A528C41A}.Debug|x64.ActiveCfg = Debug|x64
		{D0CB7E74-EA1A-4CA0-8DD8-1987A528C41A}.Debug|x64.Build.0 = Debug|x64
		{D0CB7E74-EA1A-4CA0-8DD8-1987A528C41A}.Debug|x86.ActiveCfg = Debug|Win32
		{D0CB7E74-EA1A-4CA0-8DD8-1987A528C41A}.Debug|x86.Build.0 = Debug|Win32
		{D0CB7E74-EA1A-4CA0-8DD8-1987A528C41A}.Release|x64.ActiveCfg = Release|x64
		{D0CB7E74-EA1A-4CA0-8DD8-1987A528C41A}.Release|x64.Build.0 = Release|x64
		{D0CB7E74-EA1A-4CA0-8DD8-1987A528C41A}.Release|x86.ActiveCfg = Release|Win32
		{D0CB7E74-EA1A-4CA0-8DD8-1987A528C41A}.Release|x86.Build.0 = Release|Win32
		{53C6DFDF-8254-47E2-AA94-8EF1B07A4A45}.Debug|x64.ActiveCfg = Debug|x64
		{53C6DFDF-8254-47E2-AA94-8EF1B07A4A45}.Debug|x64.Build.0 = Debug|x64
		{53C6DFDF-8254-47E2-AA94-8EF1B07A4A45}.Debug|x86.ActiveCfg = Debug|Win32
		{53C6DFDF-8254-47E2-AA94-8EF1B07A4A45}.Debug|x86.Build.0 = Debug|Win32
		{53C6DFDF-8254-47E2-AA94-8EF1B07A4A45}.Release|x64.ActiveCfg = Release|x64
		{53C6DFDF-8254-47E2-AA94-8EF1B07A4A45}.Release|x64.Build.0 = Release|x64
		{53C6DFDF-8254-47E2-AA94-8EF1B07A4A45}.Release|x86.ActiveCfg = Release|Win32
		{53C6DFDF-8254-47E2-AA94-8EF1B07A4A45}.Release|x86.Build.0 = Release|Win32
	EndGlobalSection
	GlobalSection(SolutionProperties) = preSolution
		HideSolutionNode = FALSE
	EndGlobalSection
	GlobalSection(ExtensibilityGlobals) = postSolution
		SolutionGuid = {7690019F-37B8-4762-8BD7-DAF88A51670B}
	EndGlobalSection
EndGlobal
